// !$*UTF8*$!
{
	archiveVersion = 1;
	classes = {
	};
	objectVersion = 46;
	objects = {

/* Begin PBXBuildFile section */
		7331EED819643D3400733B66 /* main.m in Sources */ = {isa = PBXBuildFile; fileRef = 7331EED719643D3400733B66 /* main.m */; };
		7331EEDB19643D3400733B66 /* AppDelegate.m in Sources */ = {isa = PBXBuildFile; fileRef = 7331EEDA19643D3400733B66 /* AppDelegate.m */; };
		7331EEDE19643D3400733B66 /* MasterViewController.m in Sources */ = {isa = PBXBuildFile; fileRef = 7331EEDD19643D3400733B66 /* MasterViewController.m */; };
		7331EEE119643D3400733B66 /* DetailViewController.m in Sources */ = {isa = PBXBuildFile; fileRef = 7331EEE019643D3400733B66 /* DetailViewController.m */; };
		7331EEE419643D3400733B66 /* Main.storyboard in Resources */ = {isa = PBXBuildFile; fileRef = 7331EEE219643D3400733B66 /* Main.storyboard */; };
		7331EEE619643D3400733B66 /* Images.xcassets in Resources */ = {isa = PBXBuildFile; fileRef = 7331EEE519643D3400733B66 /* Images.xcassets */; };
		7331EEF219643D3400733B66 /* TestBubbleSortObjectiveCTests.m in Sources */ = {isa = PBXBuildFile; fileRef = 7331EEF119643D3400733B66 /* TestBubbleSortObjectiveCTests.m */; };
/* End PBXBuildFile section */

/* Begin PBXContainerItemProxy section */
		7331EEEC19643D3400733B66 /* PBXContainerItemProxy */ = {
			isa = PBXContainerItemProxy;
			containerPortal = 7331EECA19643D3300733B66 /* Project object */;
			proxyType = 1;
			remoteGlobalIDString = 7331EED119643D3300733B66;
			remoteInfo = TestBubbleSortObjectiveC;
		};
/* End PBXContainerItemProxy section */

/* Begin PBXFileReference section */
		7331EED219643D3300733B66 /* TestBubbleSortObjectiveC.app */ = {isa = PBXFileReference; explicitFileType = wrapper.application; includeInIndex = 0; path = TestBubbleSortObjectiveC.app; sourceTree = BUILT_PRODUCTS_DIR; };
		7331EED619643D3300733B66 /* Info.plist */ = {isa = PBXFileReference; lastKnownFileType = text.plist.xml; path = Info.plist; sourceTree = "<group>"; };
		7331EED719643D3400733B66 /* main.m */ = {isa = PBXFileReference; lastKnownFileType = sourcecode.c.objc; path = main.m; sourceTree = "<group>"; };
		7331EED919643D3400733B66 /* AppDelegate.h */ = {isa = PBXFileReference; lastKnownFileType = sourcecode.c.h; path = AppDelegate.h; sourceTree = "<group>"; };
		7331EEDA19643D3400733B66 /* AppDelegate.m */ = {isa = PBXFileReference; lastKnownFileType = sourcecode.c.objc; path = AppDelegate.m; sourceTree = "<group>"; };
		7331EEDC19643D3400733B66 /* MasterViewController.h */ = {isa = PBXFileReference; lastKnownFileType = sourcecode.c.h; path = MasterViewController.h; sourceTree = "<group>"; };
		7331EEDD19643D3400733B66 /* MasterViewController.m */ = {isa = PBXFileReference; lastKnownFileType = sourcecode.c.objc; path = MasterViewController.m; sourceTree = "<group>"; };
		7331EEDF19643D3400733B66 /* DetailViewController.h */ = {isa = PBXFileReference; lastKnownFileType = sourcecode.c.h; path = DetailViewController.h; sourceTree = "<group>"; };
		7331EEE019643D3400733B66 /* DetailViewController.m */ = {isa = PBXFileReference; lastKnownFileType = sourcecode.c.objc; path = DetailViewController.m; sourceTree = "<group>"; };
		7331EEE319643D3400733B66 /* Base */ = {isa = PBXFileReference; lastKnownFileType = file.storyboard; name = Base; path = Base.lproj/Main.storyboard; sourceTree = "<group>"; };
		7331EEE519643D3400733B66 /* Images.xcassets */ = {isa = PBXFileReference; lastKnownFileType = folder.assetcatalog; path = Images.xcassets; sourceTree = "<group>"; };
		7331EEEB19643D3400733B66 /* TestBubbleSortObjectiveCTests.xctest */ = {isa = PBXFileReference; explicitFileType = wrapper.cfbundle; includeInIndex = 0; path = TestBubbleSortObjectiveCTests.xctest; sourceTree = BUILT_PRODUCTS_DIR; };
		7331EEF019643D3400733B66 /* Info.plist */ = {isa = PBXFileReference; lastKnownFileType = text.plist.xml; path = Info.plist; sourceTree = "<group>"; };
		7331EEF119643D3400733B66 /* TestBubbleSortObjectiveCTests.m */ = {isa = PBXFileReference; lastKnownFileType = sourcecode.c.objc; path = TestBubbleSortObjectiveCTests.m; sourceTree = "<group>"; };
/* End PBXFileReference section */

/* Begin PBXFrameworksBuildPhase section */
		7331EECF19643D3300733B66 /* Frameworks */ = {
			isa = PBXFrameworksBuildPhase;
			buildActionMask = 2147483647;
			files = (
			);
			runOnlyForDeploymentPostprocessing = 0;
		};
		7331EEE819643D3400733B66 /* Frameworks */ = {
			isa = PBXFrameworksBuildPhase;
			buildActionMask = 2147483647;
			files = (
			);
			runOnlyForDeploymentPostprocessing = 0;
		};
/* End PBXFrameworksBuildPhase section */

/* Begin PBXGroup section */
		7331EEC919643D3300733B66 = {
			isa = PBXGroup;
			children = (
				7331EED419643D3300733B66 /* TestBubbleSortObjectiveC */,
				7331EEEE19643D3400733B66 /* TestBubbleSortObjectiveCTests */,
				7331EED319643D3300733B66 /* Products */,
			);
			sourceTree = "<group>";
		};
		7331EED319643D3300733B66 /* Products */ = {
			isa = PBXGroup;
			children = (
				7331EED219643D3300733B66 /* TestBubbleSortObjectiveC.app */,
				7331EEEB19643D3400733B66 /* TestBubbleSortObjectiveCTests.xctest */,
			);
			name = Products;
			sourceTree = "<group>";
		};
		7331EED419643D3300733B66 /* TestBubbleSortObjectiveC */ = {
			isa = PBXGroup;
			children = (
				7331EED919643D3400733B66 /* AppDelegate.h */,
				7331EEDA19643D3400733B66 /* AppDelegate.m */,
				7331EEDC19643D3400733B66 /* MasterViewController.h */,
				7331EEDD19643D3400733B66 /* MasterViewController.m */,
				7331EEDF19643D3400733B66 /* DetailViewController.h */,
				7331EEE019643D3400733B66 /* DetailViewController.m */,
				7331EEE219643D3400733B66 /* Main.storyboard */,
				7331EEE519643D3400733B66 /* Images.xcassets */,
				7331EED519643D3300733B66 /* Supporting Files */,
			);
			path = TestBubbleSortObjectiveC;
			sourceTree = "<group>";
		};
		7331EED519643D3300733B66 /* Supporting Files */ = {
			isa = PBXGroup;
			children = (
				7331EED619643D3300733B66 /* Info.plist */,
				7331EED719643D3400733B66 /* main.m */,
			);
			name = "Supporting Files";
			sourceTree = "<group>";
		};
		7331EEEE19643D3400733B66 /* TestBubbleSortObjectiveCTests */ = {
			isa = PBXGroup;
			children = (
				7331EEF119643D3400733B66 /* TestBubbleSortObjectiveCTests.m */,
				7331EEEF19643D3400733B66 /* Supporting Files */,
			);
			path = TestBubbleSortObjectiveCTests;
			sourceTree = "<group>";
		};
		7331EEEF19643D3400733B66 /* Supporting Files */ = {
			isa = PBXGroup;
			children = (
				7331EEF019643D3400733B66 /* Info.plist */,
			);
			name = "Supporting Files";
			sourceTree = "<group>";
		};
/* End PBXGroup section */

/* Begin PBXNativeTarget section */
		7331EED119643D3300733B66 /* TestBubbleSortObjectiveC */ = {
			isa = PBXNativeTarget;
			buildConfigurationList = 7331EEF519643D3400733B66 /* Build configuration list for PBXNativeTarget "TestBubbleSortObjectiveC" */;
			buildPhases = (
				7331EECE19643D3300733B66 /* Sources */,
				7331EECF19643D3300733B66 /* Frameworks */,
				7331EED019643D3300733B66 /* Resources */,
			);
			buildRules = (
			);
			dependencies = (
			);
			name = TestBubbleSortObjectiveC;
			productName = TestBubbleSortObjectiveC;
			productReference = 7331EED219643D3300733B66 /* TestBubbleSortObjectiveC.app */;
			productType = "com.apple.product-type.application";
		};
		7331EEEA19643D3400733B66 /* TestBubbleSortObjectiveCTests */ = {
			isa = PBXNativeTarget;
			buildConfigurationList = 7331EEF819643D3400733B66 /* Build configuration list for PBXNativeTarget "TestBubbleSortObjectiveCTests" */;
			buildPhases = (
				7331EEE719643D3400733B66 /* Sources */,
				7331EEE819643D3400733B66 /* Frameworks */,
				7331EEE919643D3400733B66 /* Resources */,
			);
			buildRules = (
			);
			dependencies = (
				7331EEED19643D3400733B66 /* PBXTargetDependency */,
			);
			name = TestBubbleSortObjectiveCTests;
			productName = TestBubbleSortObjectiveCTests;
			productReference = 7331EEEB19643D3400733B66 /* TestBubbleSortObjectiveCTests.xctest */;
			productType = "com.apple.product-type.bundle.unit-test";
		};
/* End PBXNativeTarget section */

/* Begin PBXProject section */
		7331EECA19643D3300733B66 /* Project object */ = {
			isa = PBXProject;
			attributes = {
				LastUpgradeCheck = 0600;
				ORGANIZATIONNAME = awl;
				TargetAttributes = {
					7331EED119643D3300733B66 = {
						CreatedOnToolsVersion = 6.0;
					};
					7331EEEA19643D3400733B66 = {
						CreatedOnToolsVersion = 6.0;
						TestTargetID = 7331EED119643D3300733B66;
					};
				};
			};
			buildConfigurationList = 7331EECD19643D3300733B66 /* Build configuration list for PBXProject "TestBubbleSortObjectiveC" */;
			compatibilityVersion = "Xcode 3.2";
			developmentRegion = English;
			hasScannedForEncodings = 0;
			knownRegions = (
				en,
				Base,
			);
			mainGroup = 7331EEC919643D3300733B66;
			productRefGroup = 7331EED319643D3300733B66 /* Products */;
			projectDirPath = "";
			projectRoot = "";
			targets = (
				7331EED119643D3300733B66 /* TestBubbleSortObjectiveC */,
				7331EEEA19643D3400733B66 /* TestBubbleSortObjectiveCTests */,
			);
		};
/* End PBXProject section */

/* Begin PBXResourcesBuildPhase section */
		7331EED019643D3300733B66 /* Resources */ = {
			isa = PBXResourcesBuildPhase;
			buildActionMask = 2147483647;
			files = (
				7331EEE419643D3400733B66 /* Main.storyboard in Resources */,
				7331EEE619643D3400733B66 /* Images.xcassets in Resources */,
			);
			runOnlyForDeploymentPostprocessing = 0;
		};
		7331EEE919643D3400733B66 /* Resources */ = {
			isa = PBXResourcesBuildPhase;
			buildActionMask = 2147483647;
			files = (
			);
			runOnlyForDeploymentPostprocessing = 0;
		};
/* End PBXResourcesBuildPhase section */

/* Begin PBXSourcesBuildPhase section */
		7331EECE19643D3300733B66 /* Sources */ = {
			isa = PBXSourcesBuildPhase;
			buildActionMask = 2147483647;
			files = (
				7331EEDB19643D3400733B66 /* AppDelegate.m in Sources */,
				7331EEDE19643D3400733B66 /* MasterViewController.m in Sources */,
				7331EED819643D3400733B66 /* main.m in Sources */,
				7331EEE119643D3400733B66 /* DetailViewController.m in Sources */,
			);
			runOnlyForDeploymentPostprocessing = 0;
		};
		7331EEE719643D3400733B66 /* Sources */ = {
			isa = PBXSourcesBuildPhase;
			buildActionMask = 2147483647;
			files = (
				7331EEF219643D3400733B66 /* TestBubbleSortObjectiveCTests.m in Sources */,
			);
			runOnlyForDeploymentPostprocessing = 0;
		};
/* End PBXSourcesBuildPhase section */

/* Begin PBXTargetDependency section */
		7331EEED19643D3400733B66 /* PBXTargetDependency */ = {
			isa = PBXTargetDependency;
			target = 7331EED119643D3300733B66 /* TestBubbleSortObjectiveC */;
			targetProxy = 7331EEEC19643D3400733B66 /* PBXContainerItemProxy */;
		};
/* End PBXTargetDependency section */

/* Begin PBXVariantGroup section */
		7331EEE219643D3400733B66 /* Main.storyboard */ = {
			isa = PBXVariantGroup;
			children = (
				7331EEE319643D3400733B66 /* Base */,
			);
			name = Main.storyboard;
			sourceTree = "<group>";
		};
/* End PBXVariantGroup section */

/* Begin XCBuildConfiguration section */
		7331EEF319643D3400733B66 /* Debug */ = {
			isa = XCBuildConfiguration;
			buildSettings = {
				ALWAYS_SEARCH_USER_PATHS = NO;
				CLANG_CXX_LANGUAGE_STANDARD = "gnu++0x";
				CLANG_CXX_LIBRARY = "libc++";
				CLANG_ENABLE_MODULES = YES;
				CLANG_ENABLE_OBJC_ARC = YES;
				CLANG_WARN_BOOL_CONVERSION = YES;
				CLANG_WARN_CONSTANT_CONVERSION = YES;
				CLANG_WARN_DIRECT_OBJC_ISA_USAGE = YES_ERROR;
				CLANG_WARN_EMPTY_BODY = YES;
				CLANG_WARN_ENUM_CONVERSION = YES;
				CLANG_WARN_INT_CONVERSION = YES;
				CLANG_WARN_OBJC_ROOT_CLASS = YES_ERROR;
				CLANG_WARN_UNREACHABLE_CODE = YES;
				CLANG_WARN__DUPLICATE_METHOD_MATCH = YES;
				"CODE_SIGN_IDENTITY[sdk=iphoneos*]" = "iPhone Developer";
				COPY_PHASE_STRIP = NO;
				ENABLE_STRICT_OBJC_MSGSEND = YES;
				GCC_C_LANGUAGE_STANDARD = gnu99;
				GCC_DYNAMIC_NO_PIC = NO;
				GCC_OPTIMIZATION_LEVEL = 0;
				GCC_PREPROCESSOR_DEFINITIONS = (
					"DEBUG=1",
					"$(inherited)",
				);
				GCC_SYMBOLS_PRIVATE_EXTERN = NO;
				GCC_WARN_64_TO_32_BIT_CONVERSION = YES;
				GCC_WARN_ABOUT_RETURN_TYPE = YES_ERROR;
				GCC_WARN_UNDECLARED_SELECTOR = YES;
				GCC_WARN_UNINITIALIZED_AUTOS = YES_AGGRESSIVE;
				GCC_WARN_UNUSED_FUNCTION = YES;
				GCC_WARN_UNUSED_VARIABLE = YES;
				IPHONEOS_DEPLOYMENT_TARGET = 8.0;
				METAL_ENABLE_DEBUG_INFO = YES;
				ONLY_ACTIVE_ARCH = YES;
				SDKROOT = iphoneos;
			};
			name = Debug;
		};
		7331EEF419643D3400733B66 /* Release */ = {
			isa = XCBuildConfiguration;
			buildSettings = {
				ALWAYS_SEARCH_USER_PATHS = NO;
				CLANG_CXX_LANGUAGE_STANDARD = "gnu++0x";
				CLANG_CXX_LIBRARY = "libc++";
				CLANG_ENABLE_MODULES = YES;
				CLANG_ENABLE_OBJC_ARC = YES;
				CLANG_WARN_BOOL_CONVERSION = YES;
				CLANG_WARN_CONSTANT_CONVERSION = YES;
				CLANG_WARN_DIRECT_OBJC_ISA_USAGE = YES_ERROR;
				CLANG_WARN_EMPTY_BODY = YES;
				CLANG_WARN_ENUM_CONVERSION = YES;
				CLANG_WARN_INT_CONVERSION = YES;
				CLANG_WARN_OBJC_ROOT_CLASS = YES_ERROR;
				CLANG_WARN_UNREACHABLE_CODE = YES;
				CLANG_WARN__DUPLICATE_METHOD_MATCH = YES;
				"CODE_SIGN_IDENTITY[sdk=iphoneos*]" = "iPhone Developer";
				COPY_PHASE_STRIP = YES;
				ENABLE_NS_ASSERTIONS = NO;
				ENABLE_STRICT_OBJC_MSGSEND = YES;
				GCC_C_LANGUAGE_STANDARD = gnu99;
				GCC_WARN_64_TO_32_BIT_CONVERSION = YES;
				GCC_WARN_ABOUT_RETURN_TYPE = YES_ERROR;
				GCC_WARN_UNDECLARED_SELECTOR = YES;
				GCC_WARN_UNINITIALIZED_AUTOS = YES_AGGRESSIVE;
				GCC_WARN_UNUSED_FUNCTION = YES;
				GCC_WARN_UNUSED_VARIABLE = YES;
				IPHONEOS_DEPLOYMENT_TARGET = 8.0;
				METAL_ENABLE_DEBUG_INFO = NO;
				SDKROOT = iphoneos;
				VALIDATE_PRODUCT = YES;
			};
			name = Release;
		};
		7331EEF619643D3400733B66 /* Debug */ = {
			isa = XCBuildConfiguration;
			buildSettings = {
				ASSETCATALOG_COMPILER_APPICON_NAME = AppIcon;
				ASSETCATALOG_COMPILER_LAUNCHIMAGE_NAME = LaunchImage;
				INFOPLIST_FILE = TestBubbleSortObjectiveC/Info.plist;
				IPHONEOS_DEPLOYMENT_TARGET = 7.0;
				LD_RUNPATH_SEARCH_PATHS = "$(inherited) @executable_path/Frameworks";
				PRODUCT_NAME = "$(TARGET_NAME)";
			};
			name = Debug;
		};
		7331EEF719643D3400733B66 /* Release */ = {
			isa = XCBuildConfiguration;
			buildSettings = {
				ASSETCATALOG_COMPILER_APPICON_NAME = AppIcon;
				ASSETCATALOG_COMPILER_LAUNCHIMAGE_NAME = LaunchImage;
				INFOPLIST_FILE = TestBubbleSortObjectiveC/Info.plist;
				IPHONEOS_DEPLOYMENT_TARGET = 7.0;
				LD_RUNPATH_SEARCH_PATHS = "$(inherited) @executable_path/Frameworks";
				PRODUCT_NAME = "$(TARGET_NAME)";
			};
			name = Release;
		};
		7331EEF919643D3400733B66 /* Debug */ = {
			isa = XCBuildConfiguration;
			buildSettings = {
				BUNDLE_LOADER = "$(BUILT_PRODUCTS_DIR)/TestBubbleSortObjectiveC.app/TestBubbleSortObjectiveC";
				FRAMEWORK_SEARCH_PATHS = (
					"$(SDKROOT)/Developer/Library/Frameworks",
					"$(inherited)",
				);
				GCC_PREPROCESSOR_DEFINITIONS = (
					"DEBUG=1",
					"$(inherited)",
				);
				INFOPLIST_FILE = TestBubbleSortObjectiveCTests/Info.plist;
				LD_RUNPATH_SEARCH_PATHS = "$(inherited) @executable_path/Frameworks @loader_path/Frameworks";
				METAL_ENABLE_DEBUG_INFO = YES;
				PRODUCT_NAME = "$(TARGET_NAME)";
				TEST_HOST = "$(BUNDLE_LOADER)";
			};
			name = Debug;
		};
		7331EEFA19643D3400733B66 /* Release */ = {
			isa = XCBuildConfiguration;
			buildSettings = {
				BUNDLE_LOADER = "$(BUILT_PRODUCTS_DIR)/TestBubbleSortObjectiveC.app/TestBubbleSortObjectiveC";
				FRAMEWORK_SEARCH_PATHS = (
					"$(SDKROOT)/Developer/Library/Frameworks",
					"$(inherited)",
				);
				INFOPLIST_FILE = TestBubbleSortObjectiveCTests/Info.plist;
				LD_RUNPATH_SEARCH_PATHS = "$(inherited) @executable_path/Frameworks @loader_path/Frameworks";
				METAL_ENABLE_DEBUG_INFO = NO;
				PRODUCT_NAME = "$(TARGET_NAME)";
				TEST_HOST = "$(BUNDLE_LOADER)";
			};
			name = Release;
		};
/* End XCBuildConfiguration section */

/* Begin XCConfigurationList section */
		7331EECD19643D3300733B66 /* Build configuration list for PBXProject "TestBubbleSortObjectiveC" */ = {
			isa = XCConfigurationList;
			buildConfigurations = (
				7331EEF319643D3400733B66 /* Debug */,
				7331EEF419643D3400733B66 /* Release */,
			);
			defaultConfigurationIsVisible = 0;
			defaultConfigurationName = Release;
		};
		7331EEF519643D3400733B66 /* Build configuration list for PBXNativeTarget "TestBubbleSortObjectiveC" */ = {
			isa = XCConfigurationList;
			buildConfigurations = (
				7331EEF619643D3400733B66 /* Debug */,
				7331EEF719643D3400733B66 /* Release */,
			);
			defaultConfigurationIsVisible = 0;
		};
		7331EEF819643D3400733B66 /* Build configuration list for PBXNativeTarget "TestBubbleSortObjectiveCTests" */ = {
			isa = XCConfigurationList;
			buildConfigurations = (
				7331EEF919643D3400733B66 /* Debug */,
				7331EEFA19643D3400733B66 /* Release */,
			);
			defaultConfigurationIsVisible = 0;
		};
/* End XCConfigurationList section */
	};
	rootObject = 7331EECA19643D3300733B66 /* Project object */;
}
